// !$*UTF8*$!
{
	archiveVersion = 1;
	classes = {
	};
	objectVersion = 55;
	objects = {

/* Begin PBXBuildFile section */
		F2217F2C29A9402A00B72938 /* DinoTableView.docc in Sources */ = {isa = PBXBuildFile; fileRef = F2217F2B29A9402A00B72938 /* DinoTableView.docc */; };
		F2217F3229A9402A00B72938 /* DinoTableView.framework in Frameworks */ = {isa = PBXBuildFile; fileRef = F2217F2729A9402A00B72938 /* DinoTableView.framework */; };
		F2217F3729A9402A00B72938 /* DinoTableViewTests.swift in Sources */ = {isa = PBXBuildFile; fileRef = F2217F3629A9402A00B72938 /* DinoTableViewTests.swift */; };
		F2217F3829A9402A00B72938 /* DinoTableView.h in Headers */ = {isa = PBXBuildFile; fileRef = F2217F2A29A9402A00B72938 /* DinoTableView.h */; settings = {ATTRIBUTES = (Public, ); }; };
/* End PBXBuildFile section */

/* Begin PBXContainerItemProxy section */
		F2217F3329A9402A00B72938 /* PBXContainerItemProxy */ = {
			isa = PBXContainerItemProxy;
			containerPortal = F2217F1E29A9402A00B72938 /* Project object */;
			proxyType = 1;
			remoteGlobalIDString = F2217F2629A9402A00B72938;
			remoteInfo = DinoTableView;
		};
/* End PBXContainerItemProxy section */

/* Begin PBXFileReference section */
		F2217F2729A9402A00B72938 /* DinoTableView.framework */ = {isa = PBXFileReference; explicitFileType = wrapper.framework; includeInIndex = 0; path = DinoTableView.framework; sourceTree = BUILT_PRODUCTS_DIR; };
		F2217F2A29A9402A00B72938 /* DinoTableView.h */ = {isa = PBXFileReference; lastKnownFileType = sourcecode.c.h; path = DinoTableView.h; sourceTree = "<group>"; };
		F2217F2B29A9402A00B72938 /* DinoTableView.docc */ = {isa = PBXFileReference; lastKnownFileType = folder.documentationcatalog; path = DinoTableView.docc; sourceTree = "<group>"; };
		F2217F3129A9402A00B72938 /* DinoTableViewTests.xctest */ = {isa = PBXFileReference; explicitFileType = wrapper.cfbundle; includeInIndex = 0; path = DinoTableViewTests.xctest; sourceTree = BUILT_PRODUCTS_DIR; };
		F2217F3629A9402A00B72938 /* DinoTableViewTests.swift */ = {isa = PBXFileReference; lastKnownFileType = sourcecode.swift; path = DinoTableViewTests.swift; sourceTree = "<group>"; };
/* End PBXFileReference section */

/* Begin PBXFrameworksBuildPhase section */
		F2217F2429A9402A00B72938 /* Frameworks */ = {
			isa = PBXFrameworksBuildPhase;
			buildActionMask = 2147483647;
			files = (
			);
			runOnlyForDeploymentPostprocessing = 0;
		};
		F2217F2E29A9402A00B72938 /* Frameworks */ = {
			isa = PBXFrameworksBuildPhase;
			buildActionMask = 2147483647;
			files = (
				F2217F3229A9402A00B72938 /* DinoTableView.framework in Frameworks */,
			);
			runOnlyForDeploymentPostprocessing = 0;
		};
/* End PBXFrameworksBuildPhase section */

/* Begin PBXGroup section */
		F2217F1D29A9402A00B72938 = {
			isa = PBXGroup;
			children = (
				F2217F2929A9402A00B72938 /* DinoTableView */,
				F2217F3529A9402A00B72938 /* DinoTableViewTests */,
				F2217F2829A9402A00B72938 /* Products */,
			);
			sourceTree = "<group>";
		};
		F2217F2829A9402A00B72938 /* Products */ = {
			isa = PBXGroup;
			children = (
				F2217F2729A9402A00B72938 /* DinoTableView.framework */,
				F2217F3129A9402A00B72938 /* DinoTableViewTests.xctest */,
			);
			name = Products;
			sourceTree = "<group>";
		};
		F2217F2929A9402A00B72938 /* DinoTableView */ = {
			isa = PBXGroup;
			children = (
				F2217F2A29A9402A00B72938 /* DinoTableView.h */,
				F2217F2B29A9402A00B72938 /* DinoTableView.docc */,
			);
			path = DinoTableView;
			sourceTree = "<group>";
		};
		F2217F3529A9402A00B72938 /* DinoTableViewTests */ = {
			isa = PBXGroup;
			children = (
				F2217F3629A9402A00B72938 /* DinoTableViewTests.swift */,
			);
			path = DinoTableViewTests;
			sourceTree = "<group>";
		};
/* End PBXGroup section */

/* Begin PBXHeadersBuildPhase section */
		F2217F2229A9402A00B72938 /* Headers */ = {
			isa = PBXHeadersBuildPhase;
			buildActionMask = 2147483647;
			files = (
				F2217F3829A9402A00B72938 /* DinoTableView.h in Headers */,
			);
			runOnlyForDeploymentPostprocessing = 0;
		};
/* End PBXHeadersBuildPhase section */

/* Begin PBXNativeTarget section */
		F2217F2629A9402A00B72938 /* DinoTableView */ = {
			isa = PBXNativeTarget;
			buildConfigurationList = F2217F3B29A9402A00B72938 /* Build configuration list for PBXNativeTarget "DinoTableView" */;
			buildPhases = (
				F2217F2229A9402A00B72938 /* Headers */,
				F2217F2329A9402A00B72938 /* Sources */,
				F2217F2429A9402A00B72938 /* Frameworks */,
				F2217F2529A9402A00B72938 /* Resources */,
			);
			buildRules = (
			);
			dependencies = (
			);
			name = DinoTableView;
			productName = DinoTableView;
			productReference = F2217F2729A9402A00B72938 /* DinoTableView.framework */;
			productType = "com.apple.product-type.framework";
		};
		F2217F3029A9402A00B72938 /* DinoTableViewTests */ = {
			isa = PBXNativeTarget;
			buildConfigurationList = F2217F3E29A9402A00B72938 /* Build configuration list for PBXNativeTarget "DinoTableViewTests" */;
			buildPhases = (
				F2217F2D29A9402A00B72938 /* Sources */,
				F2217F2E29A9402A00B72938 /* Frameworks */,
				F2217F2F29A9402A00B72938 /* Resources */,
			);
			buildRules = (
			);
			dependencies = (
				F2217F3429A9402A00B72938 /* PBXTargetDependency */,
			);
			name = DinoTableViewTests;
			productName = DinoTableViewTests;
			productReference = F2217F3129A9402A00B72938 /* DinoTableViewTests.xctest */;
			productType = "com.apple.product-type.bundle.unit-test";
		};
/* End PBXNativeTarget section */

/* Begin PBXProject section */
		F2217F1E29A9402A00B72938 /* Project object */ = {
			isa = PBXProject;
			attributes = {
				BuildIndependentTargetsInParallel = 1;
				LastSwiftUpdateCheck = 1340;
				LastUpgradeCheck = 1340;
				TargetAttributes = {
					F2217F2629A9402A00B72938 = {
						CreatedOnToolsVersion = 13.4.1;
					};
					F2217F3029A9402A00B72938 = {
						CreatedOnToolsVersion = 13.4.1;
					};
				};
			};
			buildConfigurationList = F2217F2129A9402A00B72938 /* Build configuration list for PBXProject "DinoTableView" */;
			compatibilityVersion = "Xcode 13.0";
			developmentRegion = en;
			hasScannedForEncodings = 0;
			knownRegions = (
				en,
				Base,
			);
			mainGroup = F2217F1D29A9402A00B72938;
			productRefGroup = F2217F2829A9402A00B72938 /* Products */;
			projectDirPath = "";
			projectRoot = "";
			targets = (
				F2217F2629A9402A00B72938 /* DinoTableView */,
				F2217F3029A9402A00B72938 /* DinoTableViewTests */,
			);
		};
/* End PBXProject section */

/* Begin PBXResourcesBuildPhase section */
		F2217F2529A9402A00B72938 /* Resources */ = {
			isa = PBXResourcesBuildPhase;
			buildActionMask = 2147483647;
			files = (
			);
			runOnlyForDeploymentPostprocessing = 0;
		};
		F2217F2F29A9402A00B72938 /* Resources */ = {
			isa = PBXResourcesBuildPhase;
			buildActionMask = 2147483647;
			files = (
			);
			runOnlyForDeploymentPostprocessing = 0;
		};
/* End PBXResourcesBuildPhase section */

/* Begin PBXSourcesBuildPhase section */
		F2217F2329A9402A00B72938 /* Sources */ = {
			isa = PBXSourcesBuildPhase;
			buildActionMask = 2147483647;
			files = (
				F2217F2C29A9402A00B72938 /* DinoTableView.docc in Sources */,
			);
			runOnlyForDeploymentPostprocessing = 0;
		};
		F2217F2D29A9402A00B72938 /* Sources */ = {
			isa = PBXSourcesBuildPhase;
			buildActionMask = 2147483647;
			files = (
				F2217F3729A9402A00B72938 /* DinoTableViewTests.swift in Sources */,
			);
			runOnlyForDeploymentPostprocessing = 0;
		};
/* End PBXSourcesBuildPhase section */

/* Begin PBXTargetDependency section */
		F2217F3429A9402A00B72938 /* PBXTargetDependency */ = {
			isa = PBXTargetDependency;
			target = F2217F2629A9402A00B72938 /* DinoTableView */;
			targetProxy = F2217F3329A9402A00B72938 /* PBXContainerItemProxy */;
		};
/* End PBXTargetDependency section */

/* Begin XCBuildConfiguration section */
		F2217F3929A9402A00B72938 /* Debug */ = {
			isa = XCBuildConfiguration;
			buildSettings = {
				ALWAYS_SEARCH_USER_PATHS = NO;
				CLANG_ANALYZER_NONNULL = YES;
				CLANG_ANALYZER_NUMBER_OBJECT_CONVERSION = YES_AGGRESSIVE;
				CLANG_CXX_LANGUAGE_STANDARD = "gnu++17";
				CLANG_ENABLE_MODULES = YES;
				CLANG_ENABLE_OBJC_ARC = YES;
				CLANG_ENABLE_OBJC_WEAK = YES;
				CLANG_WARN_BLOCK_CAPTURE_AUTORELEASING = YES;
				CLANG_WARN_BOOL_CONVERSION = YES;
				CLANG_WARN_COMMA = YES;
				CLANG_WARN_CONSTANT_CONVERSION = YES;
				CLANG_WARN_DEPRECATED_OBJC_IMPLEMENTATIONS = YES;
				CLANG_WARN_DIRECT_OBJC_ISA_USAGE = YES_ERROR;
				CLANG_WARN_DOCUMENTATION_COMMENTS = YES;
				CLANG_WARN_EMPTY_BODY = YES;
				CLANG_WARN_ENUM_CONVERSION = YES;
				CLANG_WARN_INFINITE_RECURSION = YES;
				CLANG_WARN_INT_CONVERSION = YES;
				CLANG_WARN_NON_LITERAL_NULL_CONVERSION = YES;
				CLANG_WARN_OBJC_IMPLICIT_RETAIN_SELF = YES;
				CLANG_WARN_OBJC_LITERAL_CONVERSION = YES;
				CLANG_WARN_OBJC_ROOT_CLASS = YES_ERROR;
				CLANG_WARN_QUOTED_INCLUDE_IN_FRAMEWORK_HEADER = YES;
				CLANG_WARN_RANGE_LOOP_ANALYSIS = YES;
				CLANG_WARN_STRICT_PROTOTYPES = YES;
				CLANG_WARN_SUSPICIOUS_MOVE = YES;
				CLANG_WARN_UNGUARDED_AVAILABILITY = YES_AGGRESSIVE;
				CLANG_WARN_UNREACHABLE_CODE = YES;
				CLANG_WARN__DUPLICATE_METHOD_MATCH = YES;
				COPY_PHASE_STRIP = NO;
				CURRENT_PROJECT_VERSION = 1;
				DEBUG_INFORMATION_FORMAT = dwarf;
				ENABLE_STRICT_OBJC_MSGSEND = YES;
				ENABLE_TESTABILITY = YES;
				GCC_C_LANGUAGE_STANDARD = gnu11;
				GCC_DYNAMIC_NO_PIC = NO;
				GCC_NO_COMMON_BLOCKS = YES;
				GCC_OPTIMIZATION_LEVEL = 0;
				GCC_PREPROCESSOR_DEFINITIONS = (
					"DEBUG=1",
					"$(inherited)",
				);
				GCC_WARN_64_TO_32_BIT_CONVERSION = YES;
				GCC_WARN_ABOUT_RETURN_TYPE = YES_ERROR;
				GCC_WARN_UNDECLARED_SELECTOR = YES;
				GCC_WARN_UNINITIALIZED_AUTOS = YES_AGGRESSIVE;
				GCC_WARN_UNUSED_FUNCTION = YES;
				GCC_WARN_UNUSED_VARIABLE = YES;
				IPHONEOS_DEPLOYMENT_TARGET = 15.5;
				MTL_ENABLE_DEBUG_INFO = INCLUDE_SOURCE;
				MTL_FAST_MATH = YES;
				ONLY_ACTIVE_ARCH = YES;
				SDKROOT = iphoneos;
				SWIFT_ACTIVE_COMPILATION_CONDITIONS = DEBUG;
				SWIFT_OPTIMIZATION_LEVEL = "-Onone";
				VERSIONING_SYSTEM = "apple-generic";
				VERSION_INFO_PREFIX = "";
			};
			name = Debug;
		};
		F2217F3A29A9402A00B72938 /* Release */ = {
			isa = XCBuildConfiguration;
			buildSettings = {
				ALWAYS_SEARCH_USER_PATHS = NO;
				CLANG_ANALYZER_NONNULL = YES;
				CLANG_ANALYZER_NUMBER_OBJECT_CONVERSION = YES_AGGRESSIVE;
				CLANG_CXX_LANGUAGE_STANDARD = "gnu++17";
				CLANG_ENABLE_MODULES = YES;
				CLANG_ENABLE_OBJC_ARC = YES;
				CLANG_ENABLE_OBJC_WEAK = YES;
				CLANG_WARN_BLOCK_CAPTURE_AUTORELEASING = YES;
				CLANG_WARN_BOOL_CONVERSION = YES;
				CLANG_WARN_COMMA = YES;
				CLANG_WARN_CONSTANT_CONVERSION = YES;
				CLANG_WARN_DEPRECATED_OBJC_IMPLEMENTATIONS = YES;
				CLANG_WARN_DIRECT_OBJC_ISA_USAGE = YES_ERROR;
				CLANG_WARN_DOCUMENTATION_COMMENTS = YES;
				CLANG_WARN_EMPTY_BODY = YES;
				CLANG_WARN_ENUM_CONVERSION = YES;
				CLANG_WARN_INFINITE_RECURSION = YES;
				CLANG_WARN_INT_CONVERSION = YES;
				CLANG_WARN_NON_LITERAL_NULL_CONVERSION = YES;
				CLANG_WARN_OBJC_IMPLICIT_RETAIN_SELF = YES;
				CLANG_WARN_OBJC_LITERAL_CONVERSION = YES;
				CLANG_WARN_OBJC_ROOT_CLASS = YES_ERROR;
				CLANG_WARN_QUOTED_INCLUDE_IN_FRAMEWORK_HEADER = YES;
				CLANG_WARN_RANGE_LOOP_ANALYSIS = YES;
				CLANG_WARN_STRICT_PROTOTYPES = YES;
				CLANG_WARN_SUSPICIOUS_MOVE = YES;
				CLANG_WARN_UNGUARDED_AVAILABILITY = YES_AGGRESSIVE;
				CLANG_WARN_UNREACHABLE_CODE = YES;
				CLANG_WARN__DUPLICATE_METHOD_MATCH = YES;
				COPY_PHASE_STRIP = NO;
				CURRENT_PROJECT_VERSION = 1;
				DEBUG_INFORMATION_FORMAT = "dwarf-with-dsym";
				ENABLE_NS_ASSERTIONS = NO;
				ENABLE_STRICT_OBJC_MSGSEND = YES;
				GCC_C_LANGUAGE_STANDARD = gnu11;
				GCC_NO_COMMON_BLOCKS = YES;
				GCC_WARN_64_TO_32_BIT_CONVERSION = YES;
				GCC_WARN_ABOUT_RETURN_TYPE = YES_ERROR;
				GCC_WARN_UNDECLARED_SELECTOR = YES;
				GCC_WARN_UNINITIALIZED_AUTOS = YES_AGGRESSIVE;
				GCC_WARN_UNUSED_FUNCTION = YES;
				GCC_WARN_UNUSED_VARIABLE = YES;
				IPHONEOS_DEPLOYMENT_TARGET = 15.5;
				MTL_ENABLE_DEBUG_INFO = NO;
				MTL_FAST_MATH = YES;
				SDKROOT = iphoneos;
				SWIFT_COMPILATION_MODE = wholemodule;
				SWIFT_OPTIMIZATION_LEVEL = "-O";
				VALIDATE_PRODUCT = YES;
				VERSIONING_SYSTEM = "apple-generic";
				VERSION_INFO_PREFIX = "";
			};
			name = Release;
		};
		F2217F3C29A9402A00B72938 /* Debug */ = {
			isa = XCBuildConfiguration;
			buildSettings = {
				CODE_SIGN_STYLE = Automatic;
				CURRENT_PROJECT_VERSION = 1;
				DEFINES_MODULE = YES;
				DYLIB_COMPATIBILITY_VERSION = 1;
				DYLIB_CURRENT_VERSION = 1;
				DYLIB_INSTALL_NAME_BASE = "@rpath";
				GENERATE_INFOPLIST_FILE = YES;
				INFOPLIST_KEY_NSHumanReadableCopyright = "";
				INSTALL_PATH = "$(LOCAL_LIBRARY_DIR)/Frameworks";
				LD_RUNPATH_SEARCH_PATHS = (
					"$(inherited)",
					"@executable_path/Frameworks",
					"@loader_path/Frameworks",
				);
				MARKETING_VERSION = 1.0;
				PRODUCT_BUNDLE_IDENTIFIER = com.aridoamerica.studio.DinoTableView;
				PRODUCT_NAME = "$(TARGET_NAME:c99extidentifier)";
				SKIP_INSTALL = YES;
				SWIFT_EMIT_LOC_STRINGS = YES;
				SWIFT_VERSION = 5.0;
				TARGETED_DEVICE_FAMILY = "1,2";
			};
			name = Debug;
		};
		F2217F3D29A9402A00B72938 /* Release */ = {
			isa = XCBuildConfiguration;
			buildSettings = {
				CODE_SIGN_STYLE = Automatic;
				CURRENT_PROJECT_VERSION = 1;
				DEFINES_MODULE = YES;
				DYLIB_COMPATIBILITY_VERSION = 1;
				DYLIB_CURRENT_VERSION = 1;
				DYLIB_INSTALL_NAME_BASE = "@rpath";
				GENERATE_INFOPLIST_FILE = YES;
				INFOPLIST_KEY_NSHumanReadableCopyright = "";
				INSTALL_PATH = "$(LOCAL_LIBRARY_DIR)/Frameworks";
				LD_RUNPATH_SEARCH_PATHS = (
					"$(inherited)",
					"@executable_path/Frameworks",
					"@loader_path/Frameworks",
				);
				MARKETING_VERSION = 1.0;
				PRODUCT_BUNDLE_IDENTIFIER = com.aridoamerica.studio.DinoTableView;
				PRODUCT_NAME = "$(TARGET_NAME:c99extidentifier)";
				SKIP_INSTALL = YES;
				SWIFT_EMIT_LOC_STRINGS = YES;
				SWIFT_VERSION = 5.0;
				TARGETED_DEVICE_FAMILY = "1,2";
			};
			name = Release;
		};
		F2217F3F29A9402A00B72938 /* Debug */ = {
			isa = XCBuildConfiguration;
			buildSettings = {
				CODE_SIGN_STYLE = Automatic;
				CURRENT_PROJECT_VERSION = 1;
				GENERATE_INFOPLIST_FILE = YES;
				MARKETING_VERSION = 1.0;
				PRODUCT_BUNDLE_IDENTIFIER = com.aridoamerica.studio.DinoTableViewTests;
				PRODUCT_NAME = "$(TARGET_NAME)";
				SWIFT_EMIT_LOC_STRINGS = NO;
				SWIFT_VERSION = 5.0;
				TARGETED_DEVICE_FAMILY = "1,2";
			};
			name = Debug;
		};
		F2217F4029A9402A00B72938 /* Release */ = {
			isa = XCBuildConfiguration;
			buildSettings = {
				CODE_SIGN_STYLE = Automatic;
				CURRENT_PROJECT_VERSION = 1;
				GENERATE_INFOPLIST_FILE = YES;
				MARKETING_VERSION = 1.0;
				PRODUCT_BUNDLE_IDENTIFIER = com.aridoamerica.studio.DinoTableViewTests;
				PRODUCT_NAME = "$(TARGET_NAME)";
				SWIFT_EMIT_LOC_STRINGS = NO;
				SWIFT_VERSION = 5.0;
				TARGETED_DEVICE_FAMILY = "1,2";
			};
			name = Release;
		};
/* End XCBuildConfiguration section */

/* Begin XCConfigurationList section */
		F2217F2129A9402A00B72938 /* Build configuration list for PBXProject "DinoTableView" */ = {
			isa = XCConfigurationList;
			buildConfigurations = (
				F2217F3929A9402A00B72938 /* Debug */,
				F2217F3A29A9402A00B72938 /* Release */,
			);
			defaultConfigurationIsVisible = 0;
			defaultConfigurationName = Release;
		};
		F2217F3B29A9402A00B72938 /* Build configuration list for PBXNativeTarget "DinoTableView" */ = {
			isa = XCConfigurationList;
			buildConfigurations = (
				F2217F3C29A9402A00B72938 /* Debug */,
				F2217F3D29A9402A00B72938 /* Release */,
			);
			defaultConfigurationIsVisible = 0;
			defaultConfigurationName = Release;
		};
		F2217F3E29A9402A00B72938 /* Build configuration list for PBXNativeTarget "DinoTableViewTests" */ = {
			isa = XCConfigurationList;
			buildConfigurations = (
				F2217F3F29A9402A00B72938 /* Debug */,
				F2217F4029A9402A00B72938 /* Release */,
			);
			defaultConfigurationIsVisible = 0;
			defaultConfigurationName = Release;
		};
/* End XCConfigurationList section */
	};
	rootObject = F2217F1E29A9402A00B72938 /* Project object */;
}
